<?xml version="1.0" encoding="utf-8"?>
<Project ToolsVersion="4.0" xmlns="http://schemas.microsoft.com/developer/msbuild/2003">
  <ItemGroup>
    <ClCompile Include="../src/casProxyServer.cpp" />
    <ClCompile Include="../src/cardContext.cpp" />
    <ClCompile Include="../src/session.cpp" />
  </ItemGroup>
  <ItemGroup>
    <ClInclude Include="../src/casProxy.h" />
    <ClInclude Include="../src/cardContext.h" />
    <ClInclude Include="../src/session.h" />
    <ClInclude Include="../src/config.h" />
  </ItemGroup>
</Project>